
Microsoft Visual Studio Solution File, Format Version 12.00
# Visual Studio 2013
VisualStudioVersion = 12.0.21005.1
MinimumVisualStudioVersion = 10.0.40219.1
Project("{FAE04EC0-301F-11D3-BF4B-00C04F79EFBC}") = "iEAS.Framework", "iEAS.Framework\iEAS.Framework.csproj", "{9B864D0F-2FB4-420E-ACFA-A55300EDC92B}"
EndProject
Project("{2150E333-8FDC-42A3-9474-1A3956D46DE8}") = "Modules", "Modules", "{8BDC3341-BB06-4AB0-8565-389734D61B76}"
EndProject
Project("{FAE04EC0-301F-11D3-BF4B-00C04F79EFBC}") = "iEAS.Framework.Web", "iEAS.Framework.Web\iEAS.Framework.Web.csproj", "{41F6D6AA-44AA-41B0-8CC8-8C71C1E56C0B}"
EndProject
Project("{2150E333-8FDC-42A3-9474-1A3956D46DE8}") = "Framework", "Framework", "{EEBFDCB0-FF94-4D10-836E-36A0DC72405A}"
EndProject
Project("{2150E333-8FDC-42A3-9474-1A3956D46DE8}") = "Orgnization", "Orgnization", "{6654DDA3-21B8-4097-9C51-365FF0A2722A}"
EndProject
Project("{FAE04EC0-301F-11D3-BF4B-00C04F79EFBC}") = "iEAS.Orgnization.Web", "Modules\Orgnization\iEAS.Orgnization.Web\iEAS.Orgnization.Web.csproj", "{B96FF784-D211-42BD-9329-3C7C169C21E1}"
EndProject
Project("{FAE04EC0-301F-11D3-BF4B-00C04F79EFBC}") = "iEAS.Orgnization", "Modules\Orgnization\iEAS.Orgnization\iEAS.Orgnization.csproj", "{252ACE8C-F963-4329-882D-A835A7C27C5C}"
EndProject
Project("{FAE04EC0-301F-11D3-BF4B-00C04F79EFBC}") = "iEAS.Infrastructure", "iEAS.Infrastructure\iEAS.Infrastructure.csproj", "{EAB8A63F-8AA7-40D9-9802-B8DD0E7D0798}"
EndProject
Project("{FAE04EC0-301F-11D3-BF4B-00C04F79EFBC}") = "iEAS.Infrastructure.Web", "iEAS.Infrastructure.Web\iEAS.Infrastructure.Web.csproj", "{D052A5DB-3E29-4186-9749-6CD7091549A0}"
EndProject
Global
	GlobalSection(SolutionConfigurationPlatforms) = preSolution
		Debug|Any CPU = Debug|Any CPU
		Release|Any CPU = Release|Any CPU
	EndGlobalSection
	GlobalSection(ProjectConfigurationPlatforms) = postSolution
		{9B864D0F-2FB4-420E-ACFA-A55300EDC92B}.Debug|Any CPU.ActiveCfg = Debug|Any CPU
		{9B864D0F-2FB4-420E-ACFA-A55300EDC92B}.Debug|Any CPU.Build.0 = Debug|Any CPU
		{9B864D0F-2FB4-420E-ACFA-A55300EDC92B}.Release|Any CPU.ActiveCfg = Release|Any CPU
		{9B864D0F-2FB4-420E-ACFA-A55300EDC92B}.Release|Any CPU.Build.0 = Release|Any CPU
		{41F6D6AA-44AA-41B0-8CC8-8C71C1E56C0B}.Debug|Any CPU.ActiveCfg = Debug|Any CPU
		{41F6D6AA-44AA-41B0-8CC8-8C71C1E56C0B}.Debug|Any CPU.Build.0 = Debug|Any CPU
		{41F6D6AA-44AA-41B0-8CC8-8C71C1E56C0B}.Release|Any CPU.ActiveCfg = Release|Any CPU
		{41F6D6AA-44AA-41B0-8CC8-8C71C1E56C0B}.Release|Any CPU.Build.0 = Release|Any CPU
		{B96FF784-D211-42BD-9329-3C7C169C21E1}.Debug|Any CPU.ActiveCfg = Debug|Any CPU
		{B96FF784-D211-42BD-9329-3C7C169C21E1}.Debug|Any CPU.Build.0 = Debug|Any CPU
		{B96FF784-D211-42BD-9329-3C7C169C21E1}.Release|Any CPU.ActiveCfg = Release|Any CPU
		{B96FF784-D211-42BD-9329-3C7C169C21E1}.Release|Any CPU.Build.0 = Release|Any CPU
		{252ACE8C-F963-4329-882D-A835A7C27C5C}.Debug|Any CPU.ActiveCfg = Debug|Any CPU
		{252ACE8C-F963-4329-882D-A835A7C27C5C}.Debug|Any CPU.Build.0 = Debug|Any CPU
		{252ACE8C-F963-4329-882D-A835A7C27C5C}.Release|Any CPU.ActiveCfg = Release|Any CPU
		{252ACE8C-F963-4329-882D-A835A7C27C5C}.Release|Any CPU.Build.0 = Release|Any CPU
		{EAB8A63F-8AA7-40D9-9802-B8DD0E7D0798}.Debug|Any CPU.ActiveCfg = Debug|Any CPU
		{EAB8A63F-8AA7-40D9-9802-B8DD0E7D0798}.Debug|Any CPU.Build.0 = Debug|Any CPU
		{EAB8A63F-8AA7-40D9-9802-B8DD0E7D0798}.Release|Any CPU.ActiveCfg = Release|Any CPU
		{EAB8A63F-8AA7-40D9-9802-B8DD0E7D0798}.Release|Any CPU.Build.0 = Release|Any CPU
		{D052A5DB-3E29-4186-9749-6CD7091549A0}.Debug|Any CPU.ActiveCfg = Debug|Any CPU
		{D052A5DB-3E29-4186-9749-6CD7091549A0}.Debug|Any CPU.Build.0 = Debug|Any CPU
		{D052A5DB-3E29-4186-9749-6CD7091549A0}.Release|Any CPU.ActiveCfg = Release|Any CPU
		{D052A5DB-3E29-4186-9749-6CD7091549A0}.Release|Any CPU.Build.0 = Release|Any CPU
	EndGlobalSection
	GlobalSection(SolutionProperties) = preSolution
		HideSolutionNode = FALSE
	EndGlobalSection
	GlobalSection(NestedProjects) = preSolution
		{41F6D6AA-44AA-41B0-8CC8-8C71C1E56C0B} = {EEBFDCB0-FF94-4D10-836E-36A0DC72405A}
		{9B864D0F-2FB4-420E-ACFA-A55300EDC92B} = {EEBFDCB0-FF94-4D10-836E-36A0DC72405A}
		{6654DDA3-21B8-4097-9C51-365FF0A2722A} = {8BDC3341-BB06-4AB0-8565-389734D61B76}
		{B96FF784-D211-42BD-9329-3C7C169C21E1} = {6654DDA3-21B8-4097-9C51-365FF0A2722A}
		{252ACE8C-F963-4329-882D-A835A7C27C5C} = {6654DDA3-21B8-4097-9C51-365FF0A2722A}
	EndGlobalSection
EndGlobal
