
Microsoft Visual Studio Solution File, Format Version 12.00
# Visual Studio 2013
VisualStudioVersion = 12.0.21005.1
MinimumVisualStudioVersion = 10.0.40219.1
Project("{FAE04EC0-301F-11D3-BF4B-00C04F79EFBC}") = "iEAS.Framework", "iEAS.Framework\iEAS.Framework.csproj", "{9B864D0F-2FB4-420E-ACFA-A55300EDC92B}"
EndProject
Project("{2150E333-8FDC-42A3-9474-1A3956D46DE8}") = "Modules", "Modules", "{8BDC3341-BB06-4AB0-8565-389734D61B76}"
EndProject
Project("{FAE04EC0-301F-11D3-BF4B-00C04F79EFBC}") = "iEAS.Framework.Web", "iEAS.Framework.Web\iEAS.Framework.Web.csproj", "{41F6D6AA-44AA-41B0-8CC8-8C71C1E56C0B}"
EndProject
Project("{2150E333-8FDC-42A3-9474-1A3956D46DE8}") = "Framework", "Framework", "{EEBFDCB0-FF94-4D10-836E-36A0DC72405A}"
EndProject
Project("{2150E333-8FDC-42A3-9474-1A3956D46DE8}") = "Orgnization", "Orgnization", "{6654DDA3-21B8-4097-9C51-365FF0A2722A}"
EndProject
Project("{FAE04EC0-301F-11D3-BF4B-00C04F79EFBC}") = "iEAS.Orgnization.Web", "Modules\Orgnization\iEAS.Orgnization.Web\iEAS.Orgnization.Web.csproj", "{B96FF784-D211-42BD-9329-3C7C169C21E1}"
EndProject
Project("{FAE04EC0-301F-11D3-BF4B-00C04F79EFBC}") = "iEAS.Orgnization", "Modules\Orgnization\iEAS.Orgnization\iEAS.Orgnization.csproj", "{252ACE8C-F963-4329-882D-A835A7C27C5C}"
EndProject
Project("{FAE04EC0-301F-11D3-BF4B-00C04F79EFBC}") = "iEAS.Infrastructure", "iEAS.Infrastructure\iEAS.Infrastructure.csproj", "{EAB8A63F-8AA7-40D9-9802-B8DD0E7D0798}"
EndProject
Project("{FAE04EC0-301F-11D3-BF4B-00C04F79EFBC}") = "iEAS.Infrastructure.Web", "iEAS.Infrastructure.Web\iEAS.Infrastructure.Web.csproj", "{D052A5DB-3E29-4186-9749-6CD7091549A0}"
EndProject
Project("{FAE04EC0-301F-11D3-BF4B-00C04F79EFBC}") = "AspNetPager", "Plugins\AspNetPager\AspNetPager.csproj", "{0FAC7937-3CDD-41F6-9DC8-C743C9F727F1}"
EndProject
Project("{2150E333-8FDC-42A3-9474-1A3956D46DE8}") = "Plugin", "Plugin", "{961A646D-4A04-4612-938A-4B67EAF343B6}"
EndProject
Project("{FAE04EC0-301F-11D3-BF4B-00C04F79EFBC}") = "iEAS.Infrastructure.UI", "iEAS.Infrastructure.UI\iEAS.Infrastructure.UI.csproj", "{61845579-BDAB-4982-B570-A381D40FC78D}"
EndProject
Project("{FAE04EC0-301F-11D3-BF4B-00C04F79EFBC}") = "iEAS.Infrastructure.WebAPI", "iEAS.Infrastructure.WebAPI\iEAS.Infrastructure.WebAPI.csproj", "{CEB26A21-CFAE-4D5E-AF97-17FCE2E5EDAB}"
EndProject
Project("{2150E333-8FDC-42A3-9474-1A3956D46DE8}") = "BPM", "BPM", "{D778656D-C074-4766-89C7-6B39327C2678}"
EndProject
Project("{FAE04EC0-301F-11D3-BF4B-00C04F79EFBC}") = "iEAS.BPM.ActivityLibrary", "iEAS.BPM.ActivityLibrary\iEAS.BPM.ActivityLibrary.csproj", "{0C2FE1F7-0D76-4B20-821D-F07E3306F67F}"
EndProject
Project("{FAE04EC0-301F-11D3-BF4B-00C04F79EFBC}") = "iEAS.BPM.Test", "iEAS.BPM.Test\iEAS.BPM.Test.csproj", "{0B0D1975-D996-4780-9D63-416B116C871A}"
EndProject
Global
	GlobalSection(SolutionConfigurationPlatforms) = preSolution
		Debug|Any CPU = Debug|Any CPU
		Debug|Mixed Platforms = Debug|Mixed Platforms
		Debug|x86 = Debug|x86
		Release|Any CPU = Release|Any CPU
		Release|Mixed Platforms = Release|Mixed Platforms
		Release|x86 = Release|x86
	EndGlobalSection
	GlobalSection(ProjectConfigurationPlatforms) = postSolution
		{9B864D0F-2FB4-420E-ACFA-A55300EDC92B}.Debug|Any CPU.ActiveCfg = Debug|Any CPU
		{9B864D0F-2FB4-420E-ACFA-A55300EDC92B}.Debug|Any CPU.Build.0 = Debug|Any CPU
		{9B864D0F-2FB4-420E-ACFA-A55300EDC92B}.Debug|Mixed Platforms.ActiveCfg = Debug|Any CPU
		{9B864D0F-2FB4-420E-ACFA-A55300EDC92B}.Debug|Mixed Platforms.Build.0 = Debug|Any CPU
		{9B864D0F-2FB4-420E-ACFA-A55300EDC92B}.Debug|x86.ActiveCfg = Debug|Any CPU
		{9B864D0F-2FB4-420E-ACFA-A55300EDC92B}.Release|Any CPU.ActiveCfg = Release|Any CPU
		{9B864D0F-2FB4-420E-ACFA-A55300EDC92B}.Release|Any CPU.Build.0 = Release|Any CPU
		{9B864D0F-2FB4-420E-ACFA-A55300EDC92B}.Release|Mixed Platforms.ActiveCfg = Release|Any CPU
		{9B864D0F-2FB4-420E-ACFA-A55300EDC92B}.Release|Mixed Platforms.Build.0 = Release|Any CPU
		{9B864D0F-2FB4-420E-ACFA-A55300EDC92B}.Release|x86.ActiveCfg = Release|Any CPU
		{41F6D6AA-44AA-41B0-8CC8-8C71C1E56C0B}.Debug|Any CPU.ActiveCfg = Debug|Any CPU
		{41F6D6AA-44AA-41B0-8CC8-8C71C1E56C0B}.Debug|Any CPU.Build.0 = Debug|Any CPU
		{41F6D6AA-44AA-41B0-8CC8-8C71C1E56C0B}.Debug|Mixed Platforms.ActiveCfg = Debug|Any CPU
		{41F6D6AA-44AA-41B0-8CC8-8C71C1E56C0B}.Debug|Mixed Platforms.Build.0 = Debug|Any CPU
		{41F6D6AA-44AA-41B0-8CC8-8C71C1E56C0B}.Debug|x86.ActiveCfg = Debug|Any CPU
		{41F6D6AA-44AA-41B0-8CC8-8C71C1E56C0B}.Release|Any CPU.ActiveCfg = Release|Any CPU
		{41F6D6AA-44AA-41B0-8CC8-8C71C1E56C0B}.Release|Any CPU.Build.0 = Release|Any CPU
		{41F6D6AA-44AA-41B0-8CC8-8C71C1E56C0B}.Release|Mixed Platforms.ActiveCfg = Release|Any CPU
		{41F6D6AA-44AA-41B0-8CC8-8C71C1E56C0B}.Release|Mixed Platforms.Build.0 = Release|Any CPU
		{41F6D6AA-44AA-41B0-8CC8-8C71C1E56C0B}.Release|x86.ActiveCfg = Release|Any CPU
		{B96FF784-D211-42BD-9329-3C7C169C21E1}.Debug|Any CPU.ActiveCfg = Debug|Any CPU
		{B96FF784-D211-42BD-9329-3C7C169C21E1}.Debug|Any CPU.Build.0 = Debug|Any CPU
		{B96FF784-D211-42BD-9329-3C7C169C21E1}.Debug|Mixed Platforms.ActiveCfg = Debug|Any CPU
		{B96FF784-D211-42BD-9329-3C7C169C21E1}.Debug|Mixed Platforms.Build.0 = Debug|Any CPU
		{B96FF784-D211-42BD-9329-3C7C169C21E1}.Debug|x86.ActiveCfg = Debug|Any CPU
		{B96FF784-D211-42BD-9329-3C7C169C21E1}.Release|Any CPU.ActiveCfg = Release|Any CPU
		{B96FF784-D211-42BD-9329-3C7C169C21E1}.Release|Any CPU.Build.0 = Release|Any CPU
		{B96FF784-D211-42BD-9329-3C7C169C21E1}.Release|Mixed Platforms.ActiveCfg = Release|Any CPU
		{B96FF784-D211-42BD-9329-3C7C169C21E1}.Release|Mixed Platforms.Build.0 = Release|Any CPU
		{B96FF784-D211-42BD-9329-3C7C169C21E1}.Release|x86.ActiveCfg = Release|Any CPU
		{252ACE8C-F963-4329-882D-A835A7C27C5C}.Debug|Any CPU.ActiveCfg = Debug|Any CPU
		{252ACE8C-F963-4329-882D-A835A7C27C5C}.Debug|Any CPU.Build.0 = Debug|Any CPU
		{252ACE8C-F963-4329-882D-A835A7C27C5C}.Debug|Mixed Platforms.ActiveCfg = Debug|Any CPU
		{252ACE8C-F963-4329-882D-A835A7C27C5C}.Debug|Mixed Platforms.Build.0 = Debug|Any CPU
		{252ACE8C-F963-4329-882D-A835A7C27C5C}.Debug|x86.ActiveCfg = Debug|Any CPU
		{252ACE8C-F963-4329-882D-A835A7C27C5C}.Release|Any CPU.ActiveCfg = Release|Any CPU
		{252ACE8C-F963-4329-882D-A835A7C27C5C}.Release|Any CPU.Build.0 = Release|Any CPU
		{252ACE8C-F963-4329-882D-A835A7C27C5C}.Release|Mixed Platforms.ActiveCfg = Release|Any CPU
		{252ACE8C-F963-4329-882D-A835A7C27C5C}.Release|Mixed Platforms.Build.0 = Release|Any CPU
		{252ACE8C-F963-4329-882D-A835A7C27C5C}.Release|x86.ActiveCfg = Release|Any CPU
		{EAB8A63F-8AA7-40D9-9802-B8DD0E7D0798}.Debug|Any CPU.ActiveCfg = Debug|Any CPU
		{EAB8A63F-8AA7-40D9-9802-B8DD0E7D0798}.Debug|Any CPU.Build.0 = Debug|Any CPU
		{EAB8A63F-8AA7-40D9-9802-B8DD0E7D0798}.Debug|Mixed Platforms.ActiveCfg = Debug|Any CPU
		{EAB8A63F-8AA7-40D9-9802-B8DD0E7D0798}.Debug|Mixed Platforms.Build.0 = Debug|Any CPU
		{EAB8A63F-8AA7-40D9-9802-B8DD0E7D0798}.Debug|x86.ActiveCfg = Debug|Any CPU
		{EAB8A63F-8AA7-40D9-9802-B8DD0E7D0798}.Release|Any CPU.ActiveCfg = Release|Any CPU
		{EAB8A63F-8AA7-40D9-9802-B8DD0E7D0798}.Release|Any CPU.Build.0 = Release|Any CPU
		{EAB8A63F-8AA7-40D9-9802-B8DD0E7D0798}.Release|Mixed Platforms.ActiveCfg = Release|Any CPU
		{EAB8A63F-8AA7-40D9-9802-B8DD0E7D0798}.Release|Mixed Platforms.Build.0 = Release|Any CPU
		{EAB8A63F-8AA7-40D9-9802-B8DD0E7D0798}.Release|x86.ActiveCfg = Release|Any CPU
		{D052A5DB-3E29-4186-9749-6CD7091549A0}.Debug|Any CPU.ActiveCfg = Debug|Any CPU
		{D052A5DB-3E29-4186-9749-6CD7091549A0}.Debug|Any CPU.Build.0 = Debug|Any CPU
		{D052A5DB-3E29-4186-9749-6CD7091549A0}.Debug|Mixed Platforms.ActiveCfg = Debug|Any CPU
		{D052A5DB-3E29-4186-9749-6CD7091549A0}.Debug|Mixed Platforms.Build.0 = Debug|Any CPU
		{D052A5DB-3E29-4186-9749-6CD7091549A0}.Debug|x86.ActiveCfg = Debug|Any CPU
		{D052A5DB-3E29-4186-9749-6CD7091549A0}.Release|Any CPU.ActiveCfg = Release|Any CPU
		{D052A5DB-3E29-4186-9749-6CD7091549A0}.Release|Any CPU.Build.0 = Release|Any CPU
		{D052A5DB-3E29-4186-9749-6CD7091549A0}.Release|Mixed Platforms.ActiveCfg = Release|Any CPU
		{D052A5DB-3E29-4186-9749-6CD7091549A0}.Release|Mixed Platforms.Build.0 = Release|Any CPU
		{D052A5DB-3E29-4186-9749-6CD7091549A0}.Release|x86.ActiveCfg = Release|Any CPU
		{0FAC7937-3CDD-41F6-9DC8-C743C9F727F1}.Debug|Any CPU.ActiveCfg = Debug|Any CPU
		{0FAC7937-3CDD-41F6-9DC8-C743C9F727F1}.Debug|Any CPU.Build.0 = Debug|Any CPU
		{0FAC7937-3CDD-41F6-9DC8-C743C9F727F1}.Debug|Mixed Platforms.ActiveCfg = Debug|Any CPU
		{0FAC7937-3CDD-41F6-9DC8-C743C9F727F1}.Debug|Mixed Platforms.Build.0 = Debug|Any CPU
		{0FAC7937-3CDD-41F6-9DC8-C743C9F727F1}.Debug|x86.ActiveCfg = Debug|Any CPU
		{0FAC7937-3CDD-41F6-9DC8-C743C9F727F1}.Release|Any CPU.ActiveCfg = Release|Any CPU
		{0FAC7937-3CDD-41F6-9DC8-C743C9F727F1}.Release|Any CPU.Build.0 = Release|Any CPU
		{0FAC7937-3CDD-41F6-9DC8-C743C9F727F1}.Release|Mixed Platforms.ActiveCfg = Release|Any CPU
		{0FAC7937-3CDD-41F6-9DC8-C743C9F727F1}.Release|Mixed Platforms.Build.0 = Release|Any CPU
		{0FAC7937-3CDD-41F6-9DC8-C743C9F727F1}.Release|x86.ActiveCfg = Release|Any CPU
		{61845579-BDAB-4982-B570-A381D40FC78D}.Debug|Any CPU.ActiveCfg = Debug|Any CPU
		{61845579-BDAB-4982-B570-A381D40FC78D}.Debug|Any CPU.Build.0 = Debug|Any CPU
		{61845579-BDAB-4982-B570-A381D40FC78D}.Debug|Mixed Platforms.ActiveCfg = Debug|Any CPU
		{61845579-BDAB-4982-B570-A381D40FC78D}.Debug|Mixed Platforms.Build.0 = Debug|Any CPU
		{61845579-BDAB-4982-B570-A381D40FC78D}.Debug|x86.ActiveCfg = Debug|Any CPU
		{61845579-BDAB-4982-B570-A381D40FC78D}.Release|Any CPU.ActiveCfg = Release|Any CPU
		{61845579-BDAB-4982-B570-A381D40FC78D}.Release|Any CPU.Build.0 = Release|Any CPU
		{61845579-BDAB-4982-B570-A381D40FC78D}.Release|Mixed Platforms.ActiveCfg = Release|Any CPU
		{61845579-BDAB-4982-B570-A381D40FC78D}.Release|Mixed Platforms.Build.0 = Release|Any CPU
		{61845579-BDAB-4982-B570-A381D40FC78D}.Release|x86.ActiveCfg = Release|Any CPU
		{CEB26A21-CFAE-4D5E-AF97-17FCE2E5EDAB}.Debug|Any CPU.ActiveCfg = Debug|Any CPU
		{CEB26A21-CFAE-4D5E-AF97-17FCE2E5EDAB}.Debug|Any CPU.Build.0 = Debug|Any CPU
		{CEB26A21-CFAE-4D5E-AF97-17FCE2E5EDAB}.Debug|Mixed Platforms.ActiveCfg = Debug|Any CPU
		{CEB26A21-CFAE-4D5E-AF97-17FCE2E5EDAB}.Debug|Mixed Platforms.Build.0 = Debug|Any CPU
		{CEB26A21-CFAE-4D5E-AF97-17FCE2E5EDAB}.Debug|x86.ActiveCfg = Debug|Any CPU
		{CEB26A21-CFAE-4D5E-AF97-17FCE2E5EDAB}.Release|Any CPU.ActiveCfg = Release|Any CPU
		{CEB26A21-CFAE-4D5E-AF97-17FCE2E5EDAB}.Release|Any CPU.Build.0 = Release|Any CPU
		{CEB26A21-CFAE-4D5E-AF97-17FCE2E5EDAB}.Release|Mixed Platforms.ActiveCfg = Release|Any CPU
		{CEB26A21-CFAE-4D5E-AF97-17FCE2E5EDAB}.Release|Mixed Platforms.Build.0 = Release|Any CPU
		{CEB26A21-CFAE-4D5E-AF97-17FCE2E5EDAB}.Release|x86.ActiveCfg = Release|Any CPU
		{0C2FE1F7-0D76-4B20-821D-F07E3306F67F}.Debug|Any CPU.ActiveCfg = Debug|Any CPU
		{0C2FE1F7-0D76-4B20-821D-F07E3306F67F}.Debug|Any CPU.Build.0 = Debug|Any CPU
		{0C2FE1F7-0D76-4B20-821D-F07E3306F67F}.Debug|Mixed Platforms.ActiveCfg = Debug|Any CPU
		{0C2FE1F7-0D76-4B20-821D-F07E3306F67F}.Debug|Mixed Platforms.Build.0 = Debug|Any CPU
		{0C2FE1F7-0D76-4B20-821D-F07E3306F67F}.Debug|x86.ActiveCfg = Debug|Any CPU
		{0C2FE1F7-0D76-4B20-821D-F07E3306F67F}.Release|Any CPU.ActiveCfg = Release|Any CPU
		{0C2FE1F7-0D76-4B20-821D-F07E3306F67F}.Release|Any CPU.Build.0 = Release|Any CPU
		{0C2FE1F7-0D76-4B20-821D-F07E3306F67F}.Release|Mixed Platforms.ActiveCfg = Release|Any CPU
		{0C2FE1F7-0D76-4B20-821D-F07E3306F67F}.Release|Mixed Platforms.Build.0 = Release|Any CPU
		{0C2FE1F7-0D76-4B20-821D-F07E3306F67F}.Release|x86.ActiveCfg = Release|Any CPU
		{0B0D1975-D996-4780-9D63-416B116C871A}.Debug|Any CPU.ActiveCfg = Debug|x86
		{0B0D1975-D996-4780-9D63-416B116C871A}.Debug|Mixed Platforms.ActiveCfg = Debug|x86
		{0B0D1975-D996-4780-9D63-416B116C871A}.Debug|Mixed Platforms.Build.0 = Debug|x86
		{0B0D1975-D996-4780-9D63-416B116C871A}.Debug|x86.ActiveCfg = Debug|x86
		{0B0D1975-D996-4780-9D63-416B116C871A}.Debug|x86.Build.0 = Debug|x86
		{0B0D1975-D996-4780-9D63-416B116C871A}.Release|Any CPU.ActiveCfg = Release|x86
		{0B0D1975-D996-4780-9D63-416B116C871A}.Release|Mixed Platforms.ActiveCfg = Release|x86
		{0B0D1975-D996-4780-9D63-416B116C871A}.Release|Mixed Platforms.Build.0 = Release|x86
		{0B0D1975-D996-4780-9D63-416B116C871A}.Release|x86.ActiveCfg = Release|x86
		{0B0D1975-D996-4780-9D63-416B116C871A}.Release|x86.Build.0 = Release|x86
	EndGlobalSection
	GlobalSection(SolutionProperties) = preSolution
		HideSolutionNode = FALSE
	EndGlobalSection
	GlobalSection(NestedProjects) = preSolution
		{41F6D6AA-44AA-41B0-8CC8-8C71C1E56C0B} = {EEBFDCB0-FF94-4D10-836E-36A0DC72405A}
		{9B864D0F-2FB4-420E-ACFA-A55300EDC92B} = {EEBFDCB0-FF94-4D10-836E-36A0DC72405A}
		{61845579-BDAB-4982-B570-A381D40FC78D} = {EEBFDCB0-FF94-4D10-836E-36A0DC72405A}
		{6654DDA3-21B8-4097-9C51-365FF0A2722A} = {8BDC3341-BB06-4AB0-8565-389734D61B76}
		{B96FF784-D211-42BD-9329-3C7C169C21E1} = {6654DDA3-21B8-4097-9C51-365FF0A2722A}
		{252ACE8C-F963-4329-882D-A835A7C27C5C} = {6654DDA3-21B8-4097-9C51-365FF0A2722A}
		{0FAC7937-3CDD-41F6-9DC8-C743C9F727F1} = {961A646D-4A04-4612-938A-4B67EAF343B6}
		{0C2FE1F7-0D76-4B20-821D-F07E3306F67F} = {D778656D-C074-4766-89C7-6B39327C2678}
		{0B0D1975-D996-4780-9D63-416B116C871A} = {D778656D-C074-4766-89C7-6B39327C2678}
	EndGlobalSection
EndGlobal
